
Microsoft Visual Studio Solution File, Format Version 12.00
# Visual Studio Version 17
VisualStudioVersion = 17.0.31521.260
MinimumVisualStudioVersion = 10.0.40219.1
Project("{FAE04EC0-301F-11D3-BF4B-00C04F79EFBC}") = "KSDMProgrammer2", "KSDMProgrammer2\KSDMProgrammer2.csproj", "{70593AB6-56EB-4332-8B9C-9CB716B47230}"
EndProject
Project("{2150E333-8FDC-42A3-9474-1A3956D46DE8}") = "Solution Items", "Solution Items", "{57081DDC-8142-45D4-9EB0-55DDE2082113}"
	ProjectSection(SolutionItems) = preProject
		.editorconfig = .editorconfig
	EndProjectSection
EndProject
Global
	GlobalSection(SolutionConfigurationPlatforms) = preSolution
		Debug|Any CPU = Debug|Any CPU
		Release|Any CPU = Release|Any CPU
	EndGlobalSection
	GlobalSection(ProjectConfigurationPlatforms) = postSolution
		{70593AB6-56EB-4332-8B9C-9CB716B47230}.Debug|Any CPU.ActiveCfg = Debug|Any CPU
		{70593AB6-56EB-4332-8B9C-9CB716B47230}.Debug|Any CPU.Build.0 = Debug|Any CPU
		{70593AB6-56EB-4332-8B9C-9CB716B47230}.Release|Any CPU.ActiveCfg = Release|Any CPU
		{70593AB6-56EB-4332-8B9C-9CB716B47230}.Release|Any CPU.Build.0 = Release|Any CPU
	EndGlobalSection
	GlobalSection(SolutionProperties) = preSolution
		HideSolutionNode = FALSE
	EndGlobalSection
	GlobalSection(ExtensibilityGlobals) = postSolution
		SolutionGuid = {02E2DD57-2D9F-4565-AF0C-DEB7BB039FA3}
	EndGlobalSection
EndGlobal
